// !$*UTF8*$!
{
	archiveVersion = 1;
	classes = {
	};
	objectVersion = 46;
	objects = {

/* Begin PBXBuildFile section */
		8414395F1A9D7F4700B1C5CC /* CalendarDayCell.m in Sources */ = {isa = PBXBuildFile; fileRef = 8414394E1A9D7F4700B1C5CC /* CalendarDayCell.m */; };
		841439601A9D7F4700B1C5CC /* CalendarDayModel.m in Sources */ = {isa = PBXBuildFile; fileRef = 841439501A9D7F4700B1C5CC /* CalendarDayModel.m */; };
		841439611A9D7F4700B1C5CC /* CalendarHomeViewController.m in Sources */ = {isa = PBXBuildFile; fileRef = 841439521A9D7F4700B1C5CC /* CalendarHomeViewController.m */; };
		841439621A9D7F4700B1C5CC /* CalendarLogic.m in Sources */ = {isa = PBXBuildFile; fileRef = 841439541A9D7F4700B1C5CC /* CalendarLogic.m */; };
		841439631A9D7F4700B1C5CC /* CalendarMonthCollectionViewLayout.m in Sources */ = {isa = PBXBuildFile; fileRef = 841439561A9D7F4700B1C5CC /* CalendarMonthCollectionViewLayout.m */; };
		841439641A9D7F4700B1C5CC /* CalendarMonthHeaderView.m in Sources */ = {isa = PBXBuildFile; fileRef = 841439581A9D7F4700B1C5CC /* CalendarMonthHeaderView.m */; };
		841439651A9D7F4700B1C5CC /* CalendarViewController.m in Sources */ = {isa = PBXBuildFile; fileRef = 8414395A1A9D7F4700B1C5CC /* CalendarViewController.m */; };
		841439661A9D7F4700B1C5CC /* chack.png in Resources */ = {isa = PBXBuildFile; fileRef = 8414395B1A9D7F4700B1C5CC /* chack.png */; };
		841439671A9D7F4700B1C5CC /* NSDate+WQCalendarLogic.m in Sources */ = {isa = PBXBuildFile; fileRef = 8414395E1A9D7F4700B1C5CC /* NSDate+WQCalendarLogic.m */; };
		841439691A9D7F8800B1C5CC /* CoreGraphics.framework in Frameworks */ = {isa = PBXBuildFile; fileRef = 841439681A9D7F8800B1C5CC /* CoreGraphics.framework */; };
		8414396C1A9D800200B1C5CC /* B3_BFTimeSelectorViewController.m in Sources */ = {isa = PBXBuildFile; fileRef = 8414396B1A9D800200B1C5CC /* B3_BFTimeSelectorViewController.m */; };
		841ACCFA1A90710B009DA6E9 /* main.m in Sources */ = {isa = PBXBuildFile; fileRef = 841ACCF91A90710B009DA6E9 /* main.m */; };
		841ACCFD1A90710B009DA6E9 /* AppDelegate.m in Sources */ = {isa = PBXBuildFile; fileRef = 841ACCFC1A90710B009DA6E9 /* AppDelegate.m */; };
		841ACD051A90710B009DA6E9 /* Images.xcassets in Resources */ = {isa = PBXBuildFile; fileRef = 841ACD041A90710B009DA6E9 /* Images.xcassets */; };
		841ACD081A90710B009DA6E9 /* LaunchScreen.xib in Resources */ = {isa = PBXBuildFile; fileRef = 841ACD061A90710B009DA6E9 /* LaunchScreen.xib */; };
		841ACD141A90710B009DA6E9 /* BreakFastTests.m in Sources */ = {isa = PBXBuildFile; fileRef = 841ACD131A90710B009DA6E9 /* BreakFastTests.m */; };
		841ACD271A9076A9009DA6E9 /* BFViewController.m in Sources */ = {isa = PBXBuildFile; fileRef = 841ACD261A9076A9009DA6E9 /* BFViewController.m */; };
		841ACD2A1A9076C4009DA6E9 /* A0_BFCenterViewController.m in Sources */ = {isa = PBXBuildFile; fileRef = 841ACD291A9076C4009DA6E9 /* A0_BFCenterViewController.m */; };
		841ACD2D1A9076D4009DA6E9 /* A1_BFLeftViewController.m in Sources */ = {isa = PBXBuildFile; fileRef = 841ACD2C1A9076D4009DA6E9 /* A1_BFLeftViewController.m */; };
		841ACD301A9076EA009DA6E9 /* A2_BFRightViewController.m in Sources */ = {isa = PBXBuildFile; fileRef = 841ACD2F1A9076EA009DA6E9 /* A2_BFRightViewController.m */; };
		841ACD331A9078FE009DA6E9 /* DDMenuController.m in Sources */ = {isa = PBXBuildFile; fileRef = 841ACD321A9078FE009DA6E9 /* DDMenuController.m */; };
		841ACD3F1A907BED009DA6E9 /* NavViewController.m in Sources */ = {isa = PBXBuildFile; fileRef = 841ACD3E1A907BED009DA6E9 /* NavViewController.m */; };
		841ACD611A908306009DA6E9 /* MKAnnotationView+WebCache.m in Sources */ = {isa = PBXBuildFile; fileRef = 841ACD451A908306009DA6E9 /* MKAnnotationView+WebCache.m */; };
		841ACD621A908306009DA6E9 /* NSData+GIF.m in Sources */ = {isa = PBXBuildFile; fileRef = 841ACD471A908306009DA6E9 /* NSData+GIF.m */; };
		841ACD631A908306009DA6E9 /* SDImageCache.m in Sources */ = {isa = PBXBuildFile; fileRef = 841ACD491A908306009DA6E9 /* SDImageCache.m */; };
		841ACD641A908306009DA6E9 /* SDWebImageCompat.m in Sources */ = {isa = PBXBuildFile; fileRef = 841ACD4B1A908306009DA6E9 /* SDWebImageCompat.m */; };
		841ACD651A908306009DA6E9 /* SDWebImageDecoder.m in Sources */ = {isa = PBXBuildFile; fileRef = 841ACD4D1A908306009DA6E9 /* SDWebImageDecoder.m */; };
		841ACD661A908306009DA6E9 /* SDWebImageDownloader.m in Sources */ = {isa = PBXBuildFile; fileRef = 841ACD4F1A908306009DA6E9 /* SDWebImageDownloader.m */; };
		841ACD671A908306009DA6E9 /* SDWebImageDownloaderOperation.m in Sources */ = {isa = PBXBuildFile; fileRef = 841ACD511A908306009DA6E9 /* SDWebImageDownloaderOperation.m */; };
		841ACD681A908306009DA6E9 /* SDWebImageManager.m in Sources */ = {isa = PBXBuildFile; fileRef = 841ACD531A908306009DA6E9 /* SDWebImageManager.m */; };
		841ACD691A908306009DA6E9 /* SDWebImagePrefetcher.m in Sources */ = {isa = PBXBuildFile; fileRef = 841ACD561A908306009DA6E9 /* SDWebImagePrefetcher.m */; };
		841ACD6A1A908306009DA6E9 /* UIButton+WebCache.m in Sources */ = {isa = PBXBuildFile; fileRef = 841ACD581A908306009DA6E9 /* UIButton+WebCache.m */; };
		841ACD6B1A908306009DA6E9 /* UIImage+GIF.m in Sources */ = {isa = PBXBuildFile; fileRef = 841ACD5A1A908306009DA6E9 /* UIImage+GIF.m */; };
		841ACD6C1A908306009DA6E9 /* UIImage+MultiFormat.m in Sources */ = {isa = PBXBuildFile; fileRef = 841ACD5C1A908306009DA6E9 /* UIImage+MultiFormat.m */; };
		841ACD6D1A908306009DA6E9 /* UIImage+WebP.m in Sources */ = {isa = PBXBuildFile; fileRef = 841ACD5E1A908306009DA6E9 /* UIImage+WebP.m */; };
		841ACD6E1A908306009DA6E9 /* UIImageView+WebCache.m in Sources */ = {isa = PBXBuildFile; fileRef = 841ACD601A908306009DA6E9 /* UIImageView+WebCache.m */; };
		841ACD711A908643009DA6E9 /* B2_BFRightCell.m in Sources */ = {isa = PBXBuildFile; fileRef = 841ACD701A908643009DA6E9 /* B2_BFRightCell.m */; };
		841ACD751A908E54009DA6E9 /* B1_BFLeftViewCell.m in Sources */ = {isa = PBXBuildFile; fileRef = 841ACD731A908E54009DA6E9 /* B1_BFLeftViewCell.m */; };
		841ACD761A908E54009DA6E9 /* B1_BFLeftViewCell.xib in Resources */ = {isa = PBXBuildFile; fileRef = 841ACD741A908E54009DA6E9 /* B1_BFLeftViewCell.xib */; };
		841ACD7D1A90965A009DA6E9 /* B1_BFLeftCenterCell.m in Sources */ = {isa = PBXBuildFile; fileRef = 841ACD7B1A90965A009DA6E9 /* B1_BFLeftCenterCell.m */; };
		841ACD7E1A90965A009DA6E9 /* B1_BFLeftCenterCell.xib in Resources */ = {isa = PBXBuildFile; fileRef = 841ACD7C1A90965A009DA6E9 /* B1_BFLeftCenterCell.xib */; };
		841ACD811A90D495009DA6E9 /* NavCustom.m in Sources */ = {isa = PBXBuildFile; fileRef = 841ACD801A90D495009DA6E9 /* NavCustom.m */; };
		841ACD851A90D5AB009DA6E9 /* leftMenu.png in Resources */ = {isa = PBXBuildFile; fileRef = 841ACD841A90D5AA009DA6E9 /* leftMenu.png */; };
		841ACD8C1A90DA19009DA6E9 /* B0_BFCenterCell.m in Sources */ = {isa = PBXBuildFile; fileRef = 841ACD8A1A90DA19009DA6E9 /* B0_BFCenterCell.m */; };
		841ACD8D1A90DA19009DA6E9 /* B0_BFCenterCell.xib in Resources */ = {isa = PBXBuildFile; fileRef = 841ACD8B1A90DA19009DA6E9 /* B0_BFCenterCell.xib */; };
		841ACDB01A931B44009DA6E9 /* C0_BFLoginViewController.m in Sources */ = {isa = PBXBuildFile; fileRef = 841ACDAF1A931B44009DA6E9 /* C0_BFLoginViewController.m */; };
		841ACDB31A933384009DA6E9 /* C1_BFForgetPasswordViewController.m in Sources */ = {isa = PBXBuildFile; fileRef = 841ACDB21A933384009DA6E9 /* C1_BFForgetPasswordViewController.m */; };
		8466EA1C1A937E0600FA2138 /* back.png in Resources */ = {isa = PBXBuildFile; fileRef = 8466EA1B1A937E0500FA2138 /* back.png */; };
		8466EA1E1A937EC200FA2138 /* close_press@2x.png in Resources */ = {isa = PBXBuildFile; fileRef = 8466EA1D1A937EC200FA2138 /* close_press@2x.png */; };
		8466EA221A9380CA00FA2138 /* B1_BFHomePageViewController.m in Sources */ = {isa = PBXBuildFile; fileRef = 8466EA211A9380CA00FA2138 /* B1_BFHomePageViewController.m */; };
		8466EA271A938EDC00FA2138 /* 4.jpg in Resources */ = {isa = PBXBuildFile; fileRef = 8466EA231A938EDC00FA2138 /* 4.jpg */; };
		8466EA281A938EDC00FA2138 /* 5.jpg in Resources */ = {isa = PBXBuildFile; fileRef = 8466EA241A938EDC00FA2138 /* 5.jpg */; };
		8466EA291A938EDC00FA2138 /* 6.jpg in Resources */ = {isa = PBXBuildFile; fileRef = 8466EA251A938EDC00FA2138 /* 6.jpg */; };
		8466EA2A1A938EDC00FA2138 /* 7.jpg in Resources */ = {isa = PBXBuildFile; fileRef = 8466EA261A938EDC00FA2138 /* 7.jpg */; };
		8466EA2E1A938FBE00FA2138 /* dingcanshu.png in Resources */ = {isa = PBXBuildFile; fileRef = 8466EA2B1A938FBE00FA2138 /* dingcanshu.png */; };
		8466EA2F1A938FBE00FA2138 /* gouwuche.png in Resources */ = {isa = PBXBuildFile; fileRef = 8466EA2C1A938FBE00FA2138 /* gouwuche.png */; };
		8466EA301A938FBE00FA2138 /* message.png in Resources */ = {isa = PBXBuildFile; fileRef = 8466EA2D1A938FBE00FA2138 /* message.png */; };
		8466EA321A93912400FA2138 /* zhezhao.png in Resources */ = {isa = PBXBuildFile; fileRef = 8466EA311A93912400FA2138 /* zhezhao.png */; };
		8466EA361A942D0000FA2138 /* D1_BFShoppingCartViewController.m in Sources */ = {isa = PBXBuildFile; fileRef = 8466EA351A942D0000FA2138 /* D1_BFShoppingCartViewController.m */; };
		8466EA3A1A942D3D00FA2138 /* F1_BFShoppingCell.m in Sources */ = {isa = PBXBuildFile; fileRef = 8466EA381A942D3D00FA2138 /* F1_BFShoppingCell.m */; };
		8466EA3B1A942D3D00FA2138 /* F1_BFShoppingCell.xib in Resources */ = {isa = PBXBuildFile; fileRef = 8466EA391A942D3D00FA2138 /* F1_BFShoppingCell.xib */; };
		8466EA3E1A943FC400FA2138 /* add.png in Resources */ = {isa = PBXBuildFile; fileRef = 8466EA3C1A943FC400FA2138 /* add.png */; };
		8466EA3F1A943FC400FA2138 /* min.png in Resources */ = {isa = PBXBuildFile; fileRef = 8466EA3D1A943FC400FA2138 /* min.png */; };
		8466EA4A1A94482E00FA2138 /* F2_BFErrorViewController.m in Sources */ = {isa = PBXBuildFile; fileRef = 8466EA491A94482E00FA2138 /* F2_BFErrorViewController.m */; };
		8466EA4D1A94526F00FA2138 /* BFMethods.m in Sources */ = {isa = PBXBuildFile; fileRef = 8466EA4C1A94526F00FA2138 /* BFMethods.m */; };
		8466EA511A9452DF00FA2138 /* CBMBProgressHUD.m in Sources */ = {isa = PBXBuildFile; fileRef = 8466EA501A9452DF00FA2138 /* CBMBProgressHUD.m */; };
		8466EA541A9463AE00FA2138 /* F3_BFPayViewController.m in Sources */ = {isa = PBXBuildFile; fileRef = 8466EA531A9463AD00FA2138 /* F3_BFPayViewController.m */; };
		8466EA5B1A94659C00FA2138 /* F4_BFPayCell.m in Sources */ = {isa = PBXBuildFile; fileRef = 8466EA591A94659C00FA2138 /* F4_BFPayCell.m */; };
		8466EA5C1A94659C00FA2138 /* F4_BFPayCell.xib in Resources */ = {isa = PBXBuildFile; fileRef = 8466EA5A1A94659C00FA2138 /* F4_BFPayCell.xib */; };
		8466EA5F1A9465E000FA2138 /* noselect.png in Resources */ = {isa = PBXBuildFile; fileRef = 8466EA5D1A9465DF00FA2138 /* noselect.png */; };
		8466EA601A9465E000FA2138 /* selected.png in Resources */ = {isa = PBXBuildFile; fileRef = 8466EA5E1A9465DF00FA2138 /* selected.png */; };
		84F35D991A94B4CB001A3AF5 /* shaodaishou.png in Resources */ = {isa = PBXBuildFile; fileRef = 84F35D971A94B4CB001A3AF5 /* shaodaishou.png */; };
		84F35D9A1A94B4CB001A3AF5 /* zaodianyue.png in Resources */ = {isa = PBXBuildFile; fileRef = 84F35D981A94B4CB001A3AF5 /* zaodianyue.png */; };
		84F843381A946CDC0037D0E8 /* G0_BFOrderSuccessViewController.m in Sources */ = {isa = PBXBuildFile; fileRef = 84F843371A946CDC0037D0E8 /* G0_BFOrderSuccessViewController.m */; };
		84F8433C1A949B470037D0E8 /* imageEga.png in Resources */ = {isa = PBXBuildFile; fileRef = 84F843391A949B470037D0E8 /* imageEga.png */; };
		84F8433D1A949B470037D0E8 /* imageShengri.png in Resources */ = {isa = PBXBuildFile; fileRef = 84F8433A1A949B470037D0E8 /* imageShengri.png */; };
		84F8433E1A949B470037D0E8 /* imageZhiye.png in Resources */ = {isa = PBXBuildFile; fileRef = 84F8433B1A949B470037D0E8 /* imageZhiye.png */; };
		84F843411A949C9E0037D0E8 /* B2_BFHomeView.m in Sources */ = {isa = PBXBuildFile; fileRef = 84F843401A949C9E0037D0E8 /* B2_BFHomeView.m */; };
		84F843481A949DEA0037D0E8 /* readerButton.png in Resources */ = {isa = PBXBuildFile; fileRef = 84F843421A949DEA0037D0E8 /* readerButton.png */; };
		84F843491A949DEA0037D0E8 /* readerImage.png in Resources */ = {isa = PBXBuildFile; fileRef = 84F843431A949DEA0037D0E8 /* readerImage.png */; };
		84F8434A1A949DEA0037D0E8 /* videoButton.png in Resources */ = {isa = PBXBuildFile; fileRef = 84F843441A949DEA0037D0E8 /* videoButton.png */; };
		84F8434B1A949DEA0037D0E8 /* videoImage.png in Resources */ = {isa = PBXBuildFile; fileRef = 84F843451A949DEA0037D0E8 /* videoImage.png */; };
		84F8434C1A949DEA0037D0E8 /* xingquButton.png in Resources */ = {isa = PBXBuildFile; fileRef = 84F843461A949DEA0037D0E8 /* xingquButton.png */; };
		84F8434D1A949DEA0037D0E8 /* xingquImage.png in Resources */ = {isa = PBXBuildFile; fileRef = 84F843471A949DEA0037D0E8 /* xingquImage.png */; };
		84F8434F1A94AA450037D0E8 /* ziliaobeijing.png in Resources */ = {isa = PBXBuildFile; fileRef = 84F8434E1A94AA450037D0E8 /* ziliaobeijing.png */; };
		84F843511A94B08B0037D0E8 /* suo.png in Resources */ = {isa = PBXBuildFile; fileRef = 84F843501A94B08B0037D0E8 /* suo.png */; };
		84F843531A94B2720037D0E8 /* groundColor.png in Resources */ = {isa = PBXBuildFile; fileRef = 84F843521A94B2720037D0E8 /* groundColor.png */; };
/* End PBXBuildFile section */

/* Begin PBXContainerItemProxy section */
		841ACD0E1A90710B009DA6E9 /* PBXContainerItemProxy */ = {
			isa = PBXContainerItemProxy;
			containerPortal = 841ACCEC1A90710B009DA6E9 /* Project object */;
			proxyType = 1;
			remoteGlobalIDString = 841ACCF31A90710B009DA6E9;
			remoteInfo = BreakFast;
		};
/* End PBXContainerItemProxy section */

/* Begin PBXFileReference section */
		8414394D1A9D7F4700B1C5CC /* CalendarDayCell.h */ = {isa = PBXFileReference; fileEncoding = 4; lastKnownFileType = sourcecode.c.h; path = CalendarDayCell.h; sourceTree = "<group>"; };
		8414394E1A9D7F4700B1C5CC /* CalendarDayCell.m */ = {isa = PBXFileReference; fileEncoding = 4; lastKnownFileType = sourcecode.c.objc; path = CalendarDayCell.m; sourceTree = "<group>"; };
		8414394F1A9D7F4700B1C5CC /* CalendarDayModel.h */ = {isa = PBXFileReference; fileEncoding = 4; lastKnownFileType = sourcecode.c.h; path = CalendarDayModel.h; sourceTree = "<group>"; };
		841439501A9D7F4700B1C5CC /* CalendarDayModel.m */ = {isa = PBXFileReference; fileEncoding = 4; lastKnownFileType = sourcecode.c.objc; path = CalendarDayModel.m; sourceTree = "<group>"; };
		841439511A9D7F4700B1C5CC /* CalendarHomeViewController.h */ = {isa = PBXFileReference; fileEncoding = 4; lastKnownFileType = sourcecode.c.h; path = CalendarHomeViewController.h; sourceTree = "<group>"; };
		841439521A9D7F4700B1C5CC /* CalendarHomeViewController.m */ = {isa = PBXFileReference; fileEncoding = 4; lastKnownFileType = sourcecode.c.objc; path = CalendarHomeViewController.m; sourceTree = "<group>"; };
		841439531A9D7F4700B1C5CC /* CalendarLogic.h */ = {isa = PBXFileReference; fileEncoding = 4; lastKnownFileType = sourcecode.c.h; path = CalendarLogic.h; sourceTree = "<group>"; };
		841439541A9D7F4700B1C5CC /* CalendarLogic.m */ = {isa = PBXFileReference; fileEncoding = 4; lastKnownFileType = sourcecode.c.objc; path = CalendarLogic.m; sourceTree = "<group>"; };
		841439551A9D7F4700B1C5CC /* CalendarMonthCollectionViewLayout.h */ = {isa = PBXFileReference; fileEncoding = 4; lastKnownFileType = sourcecode.c.h; path = CalendarMonthCollectionViewLayout.h; sourceTree = "<group>"; };
		841439561A9D7F4700B1C5CC /* CalendarMonthCollectionViewLayout.m */ = {isa = PBXFileReference; fileEncoding = 4; lastKnownFileType = sourcecode.c.objc; path = CalendarMonthCollectionViewLayout.m; sourceTree = "<group>"; };
		841439571A9D7F4700B1C5CC /* CalendarMonthHeaderView.h */ = {isa = PBXFileReference; fileEncoding = 4; lastKnownFileType = sourcecode.c.h; path = CalendarMonthHeaderView.h; sourceTree = "<group>"; };
		841439581A9D7F4700B1C5CC /* CalendarMonthHeaderView.m */ = {isa = PBXFileReference; fileEncoding = 4; lastKnownFileType = sourcecode.c.objc; path = CalendarMonthHeaderView.m; sourceTree = "<group>"; };
		841439591A9D7F4700B1C5CC /* CalendarViewController.h */ = {isa = PBXFileReference; fileEncoding = 4; lastKnownFileType = sourcecode.c.h; path = CalendarViewController.h; sourceTree = "<group>"; };
		8414395A1A9D7F4700B1C5CC /* CalendarViewController.m */ = {isa = PBXFileReference; fileEncoding = 4; lastKnownFileType = sourcecode.c.objc; path = CalendarViewController.m; sourceTree = "<group>"; };
		8414395B1A9D7F4700B1C5CC /* chack.png */ = {isa = PBXFileReference; lastKnownFileType = image.png; path = chack.png; sourceTree = "<group>"; };
		8414395C1A9D7F4700B1C5CC /* Color.h */ = {isa = PBXFileReference; fileEncoding = 4; lastKnownFileType = sourcecode.c.h; path = Color.h; sourceTree = "<group>"; };
		8414395D1A9D7F4700B1C5CC /* NSDate+WQCalendarLogic.h */ = {isa = PBXFileReference; fileEncoding = 4; lastKnownFileType = sourcecode.c.h; path = "NSDate+WQCalendarLogic.h"; sourceTree = "<group>"; };
		8414395E1A9D7F4700B1C5CC /* NSDate+WQCalendarLogic.m */ = {isa = PBXFileReference; fileEncoding = 4; lastKnownFileType = sourcecode.c.objc; path = "NSDate+WQCalendarLogic.m"; sourceTree = "<group>"; };
		841439681A9D7F8800B1C5CC /* CoreGraphics.framework */ = {isa = PBXFileReference; lastKnownFileType = wrapper.framework; name = CoreGraphics.framework; path = System/Library/Frameworks/CoreGraphics.framework; sourceTree = SDKROOT; };
		8414396A1A9D800200B1C5CC /* B3_BFTimeSelectorViewController.h */ = {isa = PBXFileReference; fileEncoding = 4; lastKnownFileType = sourcecode.c.h; path = B3_BFTimeSelectorViewController.h; sourceTree = "<group>"; };
		8414396B1A9D800200B1C5CC /* B3_BFTimeSelectorViewController.m */ = {isa = PBXFileReference; fileEncoding = 4; lastKnownFileType = sourcecode.c.objc; path = B3_BFTimeSelectorViewController.m; sourceTree = "<group>"; };
		841ACCF41A90710B009DA6E9 /* BreakFast.app */ = {isa = PBXFileReference; explicitFileType = wrapper.application; includeInIndex = 0; path = BreakFast.app; sourceTree = BUILT_PRODUCTS_DIR; };
		841ACCF81A90710B009DA6E9 /* Info.plist */ = {isa = PBXFileReference; lastKnownFileType = text.plist.xml; path = Info.plist; sourceTree = "<group>"; };
		841ACCF91A90710B009DA6E9 /* main.m */ = {isa = PBXFileReference; lastKnownFileType = sourcecode.c.objc; path = main.m; sourceTree = "<group>"; };
		841ACCFB1A90710B009DA6E9 /* AppDelegate.h */ = {isa = PBXFileReference; lastKnownFileType = sourcecode.c.h; path = AppDelegate.h; sourceTree = "<group>"; };
		841ACCFC1A90710B009DA6E9 /* AppDelegate.m */ = {isa = PBXFileReference; lastKnownFileType = sourcecode.c.objc; path = AppDelegate.m; sourceTree = "<group>"; };
		841ACD041A90710B009DA6E9 /* Images.xcassets */ = {isa = PBXFileReference; lastKnownFileType = folder.assetcatalog; path = Images.xcassets; sourceTree = "<group>"; };
		841ACD071A90710B009DA6E9 /* Base */ = {isa = PBXFileReference; lastKnownFileType = file.xib; name = Base; path = Base.lproj/LaunchScreen.xib; sourceTree = "<group>"; };
		841ACD0D1A90710B009DA6E9 /* BreakFastTests.xctest */ = {isa = PBXFileReference; explicitFileType = wrapper.cfbundle; includeInIndex = 0; path = BreakFastTests.xctest; sourceTree = BUILT_PRODUCTS_DIR; };
		841ACD121A90710B009DA6E9 /* Info.plist */ = {isa = PBXFileReference; lastKnownFileType = text.plist.xml; path = Info.plist; sourceTree = "<group>"; };
		841ACD131A90710B009DA6E9 /* BreakFastTests.m */ = {isa = PBXFileReference; lastKnownFileType = sourcecode.c.objc; path = BreakFastTests.m; sourceTree = "<group>"; };
		841ACD251A9076A9009DA6E9 /* BFViewController.h */ = {isa = PBXFileReference; fileEncoding = 4; lastKnownFileType = sourcecode.c.h; path = BFViewController.h; sourceTree = "<group>"; };
		841ACD261A9076A9009DA6E9 /* BFViewController.m */ = {isa = PBXFileReference; fileEncoding = 4; lastKnownFileType = sourcecode.c.objc; path = BFViewController.m; sourceTree = "<group>"; };
		841ACD281A9076C4009DA6E9 /* A0_BFCenterViewController.h */ = {isa = PBXFileReference; fileEncoding = 4; lastKnownFileType = sourcecode.c.h; path = A0_BFCenterViewController.h; sourceTree = "<group>"; };
		841ACD291A9076C4009DA6E9 /* A0_BFCenterViewController.m */ = {isa = PBXFileReference; fileEncoding = 4; lastKnownFileType = sourcecode.c.objc; path = A0_BFCenterViewController.m; sourceTree = "<group>"; };
		841ACD2B1A9076D4009DA6E9 /* A1_BFLeftViewController.h */ = {isa = PBXFileReference; fileEncoding = 4; lastKnownFileType = sourcecode.c.h; path = A1_BFLeftViewController.h; sourceTree = "<group>"; };
		841ACD2C1A9076D4009DA6E9 /* A1_BFLeftViewController.m */ = {isa = PBXFileReference; fileEncoding = 4; lastKnownFileType = sourcecode.c.objc; path = A1_BFLeftViewController.m; sourceTree = "<group>"; };
		841ACD2E1A9076EA009DA6E9 /* A2_BFRightViewController.h */ = {isa = PBXFileReference; fileEncoding = 4; lastKnownFileType = sourcecode.c.h; path = A2_BFRightViewController.h; sourceTree = "<group>"; };
		841ACD2F1A9076EA009DA6E9 /* A2_BFRightViewController.m */ = {isa = PBXFileReference; fileEncoding = 4; lastKnownFileType = sourcecode.c.objc; path = A2_BFRightViewController.m; sourceTree = "<group>"; };
		841ACD311A9078FE009DA6E9 /* DDMenuController.h */ = {isa = PBXFileReference; fileEncoding = 4; lastKnownFileType = sourcecode.c.h; path = DDMenuController.h; sourceTree = "<group>"; };
		841ACD321A9078FE009DA6E9 /* DDMenuController.m */ = {isa = PBXFileReference; fileEncoding = 4; lastKnownFileType = sourcecode.c.objc; path = DDMenuController.m; sourceTree = "<group>"; };
		841ACD3D1A907BED009DA6E9 /* NavViewController.h */ = {isa = PBXFileReference; fileEncoding = 4; lastKnownFileType = sourcecode.c.h; path = NavViewController.h; sourceTree = "<group>"; };
		841ACD3E1A907BED009DA6E9 /* NavViewController.m */ = {isa = PBXFileReference; fileEncoding = 4; lastKnownFileType = sourcecode.c.objc; path = NavViewController.m; sourceTree = "<group>"; };
		841ACD401A907E93009DA6E9 /* pchFile.pch */ = {isa = PBXFileReference; lastKnownFileType = sourcecode.c.h; path = pchFile.pch; sourceTree = "<group>"; };
		841ACD421A908220009DA6E9 /* TYDefine.h */ = {isa = PBXFileReference; fileEncoding = 4; lastKnownFileType = sourcecode.c.h; path = TYDefine.h; sourceTree = "<group>"; };
		841ACD441A908306009DA6E9 /* MKAnnotationView+WebCache.h */ = {isa = PBXFileReference; fileEncoding = 4; lastKnownFileType = sourcecode.c.h; path = "MKAnnotationView+WebCache.h"; sourceTree = "<group>"; };
		841ACD451A908306009DA6E9 /* MKAnnotationView+WebCache.m */ = {isa = PBXFileReference; fileEncoding = 4; lastKnownFileType = sourcecode.c.objc; path = "MKAnnotationView+WebCache.m"; sourceTree = "<group>"; };
		841ACD461A908306009DA6E9 /* NSData+GIF.h */ = {isa = PBXFileReference; fileEncoding = 4; lastKnownFileType = sourcecode.c.h; path = "NSData+GIF.h"; sourceTree = "<group>"; };
		841ACD471A908306009DA6E9 /* NSData+GIF.m */ = {isa = PBXFileReference; fileEncoding = 4; lastKnownFileType = sourcecode.c.objc; path = "NSData+GIF.m"; sourceTree = "<group>"; };
		841ACD481A908306009DA6E9 /* SDImageCache.h */ = {isa = PBXFileReference; fileEncoding = 4; lastKnownFileType = sourcecode.c.h; path = SDImageCache.h; sourceTree = "<group>"; };
		841ACD491A908306009DA6E9 /* SDImageCache.m */ = {isa = PBXFileReference; fileEncoding = 4; lastKnownFileType = sourcecode.c.objc; path = SDImageCache.m; sourceTree = "<group>"; };
		841ACD4A1A908306009DA6E9 /* SDWebImageCompat.h */ = {isa = PBXFileReference; fileEncoding = 4; lastKnownFileType = sourcecode.c.h; path = SDWebImageCompat.h; sourceTree = "<group>"; };
		841ACD4B1A908306009DA6E9 /* SDWebImageCompat.m */ = {isa = PBXFileReference; fileEncoding = 4; lastKnownFileType = sourcecode.c.objc; path = SDWebImageCompat.m; sourceTree = "<group>"; };
		841ACD4C1A908306009DA6E9 /* SDWebImageDecoder.h */ = {isa = PBXFileReference; fileEncoding = 4; lastKnownFileType = sourcecode.c.h; path = SDWebImageDecoder.h; sourceTree = "<group>"; };
		841ACD4D1A908306009DA6E9 /* SDWebImageDecoder.m */ = {isa = PBXFileReference; fileEncoding = 4; lastKnownFileType = sourcecode.c.objc; path = SDWebImageDecoder.m; sourceTree = "<group>"; };
		841ACD4E1A908306009DA6E9 /* SDWebImageDownloader.h */ = {isa = PBXFileReference; fileEncoding = 4; lastKnownFileType = sourcecode.c.h; path = SDWebImageDownloader.h; sourceTree = "<group>"; };
		841ACD4F1A908306009DA6E9 /* SDWebImageDownloader.m */ = {isa = PBXFileReference; fileEncoding = 4; lastKnownFileType = sourcecode.c.objc; path = SDWebImageDownloader.m; sourceTree = "<group>"; };
		841ACD501A908306009DA6E9 /* SDWebImageDownloaderOperation.h */ = {isa = PBXFileReference; fileEncoding = 4; lastKnownFileType = sourcecode.c.h; path = SDWebImageDownloaderOperation.h; sourceTree = "<group>"; };
		841ACD511A908306009DA6E9 /* SDWebImageDownloaderOperation.m */ = {isa = PBXFileReference; fileEncoding = 4; lastKnownFileType = sourcecode.c.objc; path = SDWebImageDownloaderOperation.m; sourceTree = "<group>"; };
		841ACD521A908306009DA6E9 /* SDWebImageManager.h */ = {isa = PBXFileReference; fileEncoding = 4; lastKnownFileType = sourcecode.c.h; path = SDWebImageManager.h; sourceTree = "<group>"; };
		841ACD531A908306009DA6E9 /* SDWebImageManager.m */ = {isa = PBXFileReference; fileEncoding = 4; lastKnownFileType = sourcecode.c.objc; path = SDWebImageManager.m; sourceTree = "<group>"; };
		841ACD541A908306009DA6E9 /* SDWebImageOperation.h */ = {isa = PBXFileReference; fileEncoding = 4; lastKnownFileType = sourcecode.c.h; path = SDWebImageOperation.h; sourceTree = "<group>"; };
		841ACD551A908306009DA6E9 /* SDWebImagePrefetcher.h */ = {isa = PBXFileReference; fileEncoding = 4; lastKnownFileType = sourcecode.c.h; path = SDWebImagePrefetcher.h; sourceTree = "<group>"; };
		841ACD561A908306009DA6E9 /* SDWebImagePrefetcher.m */ = {isa = PBXFileReference; fileEncoding = 4; lastKnownFileType = sourcecode.c.objc; path = SDWebImagePrefetcher.m; sourceTree = "<group>"; };
		841ACD571A908306009DA6E9 /* UIButton+WebCache.h */ = {isa = PBXFileReference; fileEncoding = 4; lastKnownFileType = sourcecode.c.h; path = "UIButton+WebCache.h"; sourceTree = "<group>"; };
		841ACD581A908306009DA6E9 /* UIButton+WebCache.m */ = {isa = PBXFileReference; fileEncoding = 4; lastKnownFileType = sourcecode.c.objc; path = "UIButton+WebCache.m"; sourceTree = "<group>"; };
		841ACD591A908306009DA6E9 /* UIImage+GIF.h */ = {isa = PBXFileReference; fileEncoding = 4; lastKnownFileType = sourcecode.c.h; path = "UIImage+GIF.h"; sourceTree = "<group>"; };
		841ACD5A1A908306009DA6E9 /* UIImage+GIF.m */ = {isa = PBXFileReference; fileEncoding = 4; lastKnownFileType = sourcecode.c.objc; path = "UIImage+GIF.m"; sourceTree = "<group>"; };
		841ACD5B1A908306009DA6E9 /* UIImage+MultiFormat.h */ = {isa = PBXFileReference; fileEncoding = 4; lastKnownFileType = sourcecode.c.h; path = "UIImage+MultiFormat.h"; sourceTree = "<group>"; };
		841ACD5C1A908306009DA6E9 /* UIImage+MultiFormat.m */ = {isa = PBXFileReference; fileEncoding = 4; lastKnownFileType = sourcecode.c.objc; path = "UIImage+MultiFormat.m"; sourceTree = "<group>"; };
		841ACD5D1A908306009DA6E9 /* UIImage+WebP.h */ = {isa = PBXFileReference; fileEncoding = 4; lastKnownFileType = sourcecode.c.h; path = "UIImage+WebP.h"; sourceTree = "<group>"; };
		841ACD5E1A908306009DA6E9 /* UIImage+WebP.m */ = {isa = PBXFileReference; fileEncoding = 4; lastKnownFileType = sourcecode.c.objc; path = "UIImage+WebP.m"; sourceTree = "<group>"; };
		841ACD5F1A908306009DA6E9 /* UIImageView+WebCache.h */ = {isa = PBXFileReference; fileEncoding = 4; lastKnownFileType = sourcecode.c.h; path = "UIImageView+WebCache.h"; sourceTree = "<group>"; };
		841ACD601A908306009DA6E9 /* UIImageView+WebCache.m */ = {isa = PBXFileReference; fileEncoding = 4; lastKnownFileType = sourcecode.c.objc; path = "UIImageView+WebCache.m"; sourceTree = "<group>"; };
		841ACD6F1A908643009DA6E9 /* B2_BFRightCell.h */ = {isa = PBXFileReference; fileEncoding = 4; lastKnownFileType = sourcecode.c.h; path = B2_BFRightCell.h; sourceTree = "<group>"; };
		841ACD701A908643009DA6E9 /* B2_BFRightCell.m */ = {isa = PBXFileReference; fileEncoding = 4; lastKnownFileType = sourcecode.c.objc; path = B2_BFRightCell.m; sourceTree = "<group>"; };
		841ACD721A908E54009DA6E9 /* B1_BFLeftViewCell.h */ = {isa = PBXFileReference; fileEncoding = 4; lastKnownFileType = sourcecode.c.h; path = B1_BFLeftViewCell.h; sourceTree = "<group>"; };
		841ACD731A908E54009DA6E9 /* B1_BFLeftViewCell.m */ = {isa = PBXFileReference; fileEncoding = 4; lastKnownFileType = sourcecode.c.objc; path = B1_BFLeftViewCell.m; sourceTree = "<group>"; };
		841ACD741A908E54009DA6E9 /* B1_BFLeftViewCell.xib */ = {isa = PBXFileReference; fileEncoding = 4; lastKnownFileType = file.xib; path = B1_BFLeftViewCell.xib; sourceTree = "<group>"; };
		841ACD7A1A90965A009DA6E9 /* B1_BFLeftCenterCell.h */ = {isa = PBXFileReference; fileEncoding = 4; lastKnownFileType = sourcecode.c.h; path = B1_BFLeftCenterCell.h; sourceTree = "<group>"; };
		841ACD7B1A90965A009DA6E9 /* B1_BFLeftCenterCell.m */ = {isa = PBXFileReference; fileEncoding = 4; lastKnownFileType = sourcecode.c.objc; path = B1_BFLeftCenterCell.m; sourceTree = "<group>"; };
		841ACD7C1A90965A009DA6E9 /* B1_BFLeftCenterCell.xib */ = {isa = PBXFileReference; fileEncoding = 4; lastKnownFileType = file.xib; path = B1_BFLeftCenterCell.xib; sourceTree = "<group>"; };
		841ACD7F1A90D495009DA6E9 /* NavCustom.h */ = {isa = PBXFileReference; fileEncoding = 4; lastKnownFileType = sourcecode.c.h; path = NavCustom.h; sourceTree = "<group>"; };
		841ACD801A90D495009DA6E9 /* NavCustom.m */ = {isa = PBXFileReference; fileEncoding = 4; lastKnownFileType = sourcecode.c.objc; path = NavCustom.m; sourceTree = "<group>"; };
		841ACD841A90D5AA009DA6E9 /* leftMenu.png */ = {isa = PBXFileReference; lastKnownFileType = image.png; path = leftMenu.png; sourceTree = "<group>"; };
		841ACD891A90DA19009DA6E9 /* B0_BFCenterCell.h */ = {isa = PBXFileReference; fileEncoding = 4; lastKnownFileType = sourcecode.c.h; path = B0_BFCenterCell.h; sourceTree = "<group>"; };
		841ACD8A1A90DA19009DA6E9 /* B0_BFCenterCell.m */ = {isa = PBXFileReference; fileEncoding = 4; lastKnownFileType = sourcecode.c.objc; path = B0_BFCenterCell.m; sourceTree = "<group>"; };
		841ACD8B1A90DA19009DA6E9 /* B0_BFCenterCell.xib */ = {isa = PBXFileReference; fileEncoding = 4; lastKnownFileType = file.xib; path = B0_BFCenterCell.xib; sourceTree = "<group>"; };
		841ACDAE1A931B44009DA6E9 /* C0_BFLoginViewController.h */ = {isa = PBXFileReference; fileEncoding = 4; lastKnownFileType = sourcecode.c.h; path = C0_BFLoginViewController.h; sourceTree = "<group>"; };
		841ACDAF1A931B44009DA6E9 /* C0_BFLoginViewController.m */ = {isa = PBXFileReference; fileEncoding = 4; lastKnownFileType = sourcecode.c.objc; path = C0_BFLoginViewController.m; sourceTree = "<group>"; };
		841ACDB11A933384009DA6E9 /* C1_BFForgetPasswordViewController.h */ = {isa = PBXFileReference; fileEncoding = 4; lastKnownFileType = sourcecode.c.h; path = C1_BFForgetPasswordViewController.h; sourceTree = "<group>"; };
		841ACDB21A933384009DA6E9 /* C1_BFForgetPasswordViewController.m */ = {isa = PBXFileReference; fileEncoding = 4; lastKnownFileType = sourcecode.c.objc; path = C1_BFForgetPasswordViewController.m; sourceTree = "<group>"; };
		8466EA1B1A937E0500FA2138 /* back.png */ = {isa = PBXFileReference; lastKnownFileType = image.png; path = back.png; sourceTree = "<group>"; };
		8466EA1D1A937EC200FA2138 /* close_press@2x.png */ = {isa = PBXFileReference; lastKnownFileType = image.png; path = "close_press@2x.png"; sourceTree = "<group>"; };
		8466EA201A9380CA00FA2138 /* B1_BFHomePageViewController.h */ = {isa = PBXFileReference; fileEncoding = 4; lastKnownFileType = sourcecode.c.h; path = B1_BFHomePageViewController.h; sourceTree = "<group>"; };
		8466EA211A9380CA00FA2138 /* B1_BFHomePageViewController.m */ = {isa = PBXFileReference; fileEncoding = 4; lastKnownFileType = sourcecode.c.objc; path = B1_BFHomePageViewController.m; sourceTree = "<group>"; };
		8466EA231A938EDC00FA2138 /* 4.jpg */ = {isa = PBXFileReference; lastKnownFileType = image.jpeg; path = 4.jpg; sourceTree = "<group>"; };
		8466EA241A938EDC00FA2138 /* 5.jpg */ = {isa = PBXFileReference; lastKnownFileType = image.jpeg; path = 5.jpg; sourceTree = "<group>"; };
		8466EA251A938EDC00FA2138 /* 6.jpg */ = {isa = PBXFileReference; lastKnownFileType = image.jpeg; path = 6.jpg; sourceTree = "<group>"; };
		8466EA261A938EDC00FA2138 /* 7.jpg */ = {isa = PBXFileReference; lastKnownFileType = image.jpeg; path = 7.jpg; sourceTree = "<group>"; };
		8466EA2B1A938FBE00FA2138 /* dingcanshu.png */ = {isa = PBXFileReference; lastKnownFileType = image.png; path = dingcanshu.png; sourceTree = "<group>"; };
		8466EA2C1A938FBE00FA2138 /* gouwuche.png */ = {isa = PBXFileReference; lastKnownFileType = image.png; path = gouwuche.png; sourceTree = "<group>"; };
		8466EA2D1A938FBE00FA2138 /* message.png */ = {isa = PBXFileReference; lastKnownFileType = image.png; path = message.png; sourceTree = "<group>"; };
		8466EA311A93912400FA2138 /* zhezhao.png */ = {isa = PBXFileReference; lastKnownFileType = image.png; path = zhezhao.png; sourceTree = "<group>"; };
		8466EA341A942D0000FA2138 /* D1_BFShoppingCartViewController.h */ = {isa = PBXFileReference; fileEncoding = 4; lastKnownFileType = sourcecode.c.h; path = D1_BFShoppingCartViewController.h; sourceTree = "<group>"; };
		8466EA351A942D0000FA2138 /* D1_BFShoppingCartViewController.m */ = {isa = PBXFileReference; fileEncoding = 4; lastKnownFileType = sourcecode.c.objc; path = D1_BFShoppingCartViewController.m; sourceTree = "<group>"; };
		8466EA371A942D3D00FA2138 /* F1_BFShoppingCell.h */ = {isa = PBXFileReference; fileEncoding = 4; lastKnownFileType = sourcecode.c.h; path = F1_BFShoppingCell.h; sourceTree = "<group>"; };
		8466EA381A942D3D00FA2138 /* F1_BFShoppingCell.m */ = {isa = PBXFileReference; fileEncoding = 4; lastKnownFileType = sourcecode.c.objc; path = F1_BFShoppingCell.m; sourceTree = "<group>"; };
		8466EA391A942D3D00FA2138 /* F1_BFShoppingCell.xib */ = {isa = PBXFileReference; fileEncoding = 4; lastKnownFileType = file.xib; path = F1_BFShoppingCell.xib; sourceTree = "<group>"; };
		8466EA3C1A943FC400FA2138 /* add.png */ = {isa = PBXFileReference; lastKnownFileType = image.png; path = add.png; sourceTree = "<group>"; };
		8466EA3D1A943FC400FA2138 /* min.png */ = {isa = PBXFileReference; lastKnownFileType = image.png; path = min.png; sourceTree = "<group>"; };
		8466EA481A94482E00FA2138 /* F2_BFErrorViewController.h */ = {isa = PBXFileReference; fileEncoding = 4; lastKnownFileType = sourcecode.c.h; path = F2_BFErrorViewController.h; sourceTree = "<group>"; };
		8466EA491A94482E00FA2138 /* F2_BFErrorViewController.m */ = {isa = PBXFileReference; fileEncoding = 4; lastKnownFileType = sourcecode.c.objc; path = F2_BFErrorViewController.m; sourceTree = "<group>"; };
		8466EA4B1A94526E00FA2138 /* BFMethods.h */ = {isa = PBXFileReference; fileEncoding = 4; lastKnownFileType = sourcecode.c.h; path = BFMethods.h; sourceTree = "<group>"; };
		8466EA4C1A94526F00FA2138 /* BFMethods.m */ = {isa = PBXFileReference; fileEncoding = 4; lastKnownFileType = sourcecode.c.objc; path = BFMethods.m; sourceTree = "<group>"; };
		8466EA4F1A9452DF00FA2138 /* CBMBProgressHUD.h */ = {isa = PBXFileReference; fileEncoding = 4; lastKnownFileType = sourcecode.c.h; path = CBMBProgressHUD.h; sourceTree = "<group>"; };
		8466EA501A9452DF00FA2138 /* CBMBProgressHUD.m */ = {isa = PBXFileReference; fileEncoding = 4; lastKnownFileType = sourcecode.c.objc; path = CBMBProgressHUD.m; sourceTree = "<group>"; };
		8466EA521A9463AD00FA2138 /* F3_BFPayViewController.h */ = {isa = PBXFileReference; fileEncoding = 4; lastKnownFileType = sourcecode.c.h; path = F3_BFPayViewController.h; sourceTree = "<group>"; };
		8466EA531A9463AD00FA2138 /* F3_BFPayViewController.m */ = {isa = PBXFileReference; fileEncoding = 4; lastKnownFileType = sourcecode.c.objc; path = F3_BFPayViewController.m; sourceTree = "<group>"; };
		8466EA581A94659C00FA2138 /* F4_BFPayCell.h */ = {isa = PBXFileReference; fileEncoding = 4; lastKnownFileType = sourcecode.c.h; path = F4_BFPayCell.h; sourceTree = "<group>"; };
		8466EA591A94659C00FA2138 /* F4_BFPayCell.m */ = {isa = PBXFileReference; fileEncoding = 4; lastKnownFileType = sourcecode.c.objc; path = F4_BFPayCell.m; sourceTree = "<group>"; };
		8466EA5A1A94659C00FA2138 /* F4_BFPayCell.xib */ = {isa = PBXFileReference; fileEncoding = 4; lastKnownFileType = file.xib; path = F4_BFPayCell.xib; sourceTree = "<group>"; };
		8466EA5D1A9465DF00FA2138 /* noselect.png */ = {isa = PBXFileReference; lastKnownFileType = image.png; path = noselect.png; sourceTree = "<group>"; };
		8466EA5E1A9465DF00FA2138 /* selected.png */ = {isa = PBXFileReference; lastKnownFileType = image.png; path = selected.png; sourceTree = "<group>"; };
		84F35D971A94B4CB001A3AF5 /* shaodaishou.png */ = {isa = PBXFileReference; lastKnownFileType = image.png; path = shaodaishou.png; sourceTree = "<group>"; };
		84F35D981A94B4CB001A3AF5 /* zaodianyue.png */ = {isa = PBXFileReference; lastKnownFileType = image.png; path = zaodianyue.png; sourceTree = "<group>"; };
		84F843361A946CDC0037D0E8 /* G0_BFOrderSuccessViewController.h */ = {isa = PBXFileReference; fileEncoding = 4; lastKnownFileType = sourcecode.c.h; path = G0_BFOrderSuccessViewController.h; sourceTree = "<group>"; };
		84F843371A946CDC0037D0E8 /* G0_BFOrderSuccessViewController.m */ = {isa = PBXFileReference; fileEncoding = 4; lastKnownFileType = sourcecode.c.objc; path = G0_BFOrderSuccessViewController.m; sourceTree = "<group>"; };
		84F843391A949B470037D0E8 /* imageEga.png */ = {isa = PBXFileReference; lastKnownFileType = image.png; path = imageEga.png; sourceTree = "<group>"; };
		84F8433A1A949B470037D0E8 /* imageShengri.png */ = {isa = PBXFileReference; lastKnownFileType = image.png; path = imageShengri.png; sourceTree = "<group>"; };
		84F8433B1A949B470037D0E8 /* imageZhiye.png */ = {isa = PBXFileReference; lastKnownFileType = image.png; path = imageZhiye.png; sourceTree = "<group>"; };
		84F8433F1A949C9E0037D0E8 /* B2_BFHomeView.h */ = {isa = PBXFileReference; fileEncoding = 4; lastKnownFileType = sourcecode.c.h; path = B2_BFHomeView.h; sourceTree = "<group>"; };
		84F843401A949C9E0037D0E8 /* B2_BFHomeView.m */ = {isa = PBXFileReference; fileEncoding = 4; lastKnownFileType = sourcecode.c.objc; path = B2_BFHomeView.m; sourceTree = "<group>"; };
		84F843421A949DEA0037D0E8 /* readerButton.png */ = {isa = PBXFileReference; lastKnownFileType = image.png; path = readerButton.png; sourceTree = "<group>"; };
		84F843431A949DEA0037D0E8 /* readerImage.png */ = {isa = PBXFileReference; lastKnownFileType = image.png; path = readerImage.png; sourceTree = "<group>"; };
		84F843441A949DEA0037D0E8 /* videoButton.png */ = {isa = PBXFileReference; lastKnownFileType = image.png; path = videoButton.png; sourceTree = "<group>"; };
		84F843451A949DEA0037D0E8 /* videoImage.png */ = {isa = PBXFileReference; lastKnownFileType = image.png; path = videoImage.png; sourceTree = "<group>"; };
		84F843461A949DEA0037D0E8 /* xingquButton.png */ = {isa = PBXFileReference; lastKnownFileType = image.png; path = xingquButton.png; sourceTree = "<group>"; };
		84F843471A949DEA0037D0E8 /* xingquImage.png */ = {isa = PBXFileReference; lastKnownFileType = image.png; path = xingquImage.png; sourceTree = "<group>"; };
		84F8434E1A94AA450037D0E8 /* ziliaobeijing.png */ = {isa = PBXFileReference; lastKnownFileType = image.png; path = ziliaobeijing.png; sourceTree = "<group>"; };
		84F843501A94B08B0037D0E8 /* suo.png */ = {isa = PBXFileReference; lastKnownFileType = image.png; path = suo.png; sourceTree = "<group>"; };
		84F843521A94B2720037D0E8 /* groundColor.png */ = {isa = PBXFileReference; lastKnownFileType = image.png; path = groundColor.png; sourceTree = "<group>"; };
/* End PBXFileReference section */

/* Begin PBXFrameworksBuildPhase section */
		841ACCF11A90710B009DA6E9 /* Frameworks */ = {
			isa = PBXFrameworksBuildPhase;
			buildActionMask = 2147483647;
			files = (
				841439691A9D7F8800B1C5CC /* CoreGraphics.framework in Frameworks */,
			);
			runOnlyForDeploymentPostprocessing = 0;
		};
		841ACD0A1A90710B009DA6E9 /* Frameworks */ = {
			isa = PBXFrameworksBuildPhase;
			buildActionMask = 2147483647;
			files = (
			);
			runOnlyForDeploymentPostprocessing = 0;
		};
/* End PBXFrameworksBuildPhase section */

/* Begin PBXGroup section */
		8414394C1A9D7F4700B1C5CC /* ZFCalendar */ = {
			isa = PBXGroup;
			children = (
				8414394D1A9D7F4700B1C5CC /* CalendarDayCell.h */,
				8414394E1A9D7F4700B1C5CC /* CalendarDayCell.m */,
				8414394F1A9D7F4700B1C5CC /* CalendarDayModel.h */,
				841439501A9D7F4700B1C5CC /* CalendarDayModel.m */,
				841439511A9D7F4700B1C5CC /* CalendarHomeViewController.h */,
				841439521A9D7F4700B1C5CC /* CalendarHomeViewController.m */,
				841439531A9D7F4700B1C5CC /* CalendarLogic.h */,
				841439541A9D7F4700B1C5CC /* CalendarLogic.m */,
				841439551A9D7F4700B1C5CC /* CalendarMonthCollectionViewLayout.h */,
				841439561A9D7F4700B1C5CC /* CalendarMonthCollectionViewLayout.m */,
				841439571A9D7F4700B1C5CC /* CalendarMonthHeaderView.h */,
				841439581A9D7F4700B1C5CC /* CalendarMonthHeaderView.m */,
				841439591A9D7F4700B1C5CC /* CalendarViewController.h */,
				8414395A1A9D7F4700B1C5CC /* CalendarViewController.m */,
				8414395B1A9D7F4700B1C5CC /* chack.png */,
				8414395C1A9D7F4700B1C5CC /* Color.h */,
				8414395D1A9D7F4700B1C5CC /* NSDate+WQCalendarLogic.h */,
				8414395E1A9D7F4700B1C5CC /* NSDate+WQCalendarLogic.m */,
			);
			path = ZFCalendar;
			sourceTree = "<group>";
		};
		841ACCEB1A90710B009DA6E9 = {
			isa = PBXGroup;
			children = (
				841439681A9D7F8800B1C5CC /* CoreGraphics.framework */,
				841ACCF61A90710B009DA6E9 /* BreakFast */,
				841ACD101A90710B009DA6E9 /* BreakFastTests */,
				841ACCF51A90710B009DA6E9 /* Products */,
			);
			sourceTree = "<group>";
		};
		841ACCF51A90710B009DA6E9 /* Products */ = {
			isa = PBXGroup;
			children = (
				841ACCF41A90710B009DA6E9 /* BreakFast.app */,
				841ACD0D1A90710B009DA6E9 /* BreakFastTests.xctest */,
			);
			name = Products;
			sourceTree = "<group>";
		};
		841ACCF61A90710B009DA6E9 /* BreakFast */ = {
			isa = PBXGroup;
			children = (
				841ACD831A90D5AA009DA6E9 /* image */,
				841ACD3A1A907B1F009DA6E9 /* model */,
				841ACD241A907691009DA6E9 /* base */,
				841ACCFB1A90710B009DA6E9 /* AppDelegate.h */,
				841ACCFC1A90710B009DA6E9 /* AppDelegate.m */,
				841ACD231A907668009DA6E9 /* viewController */,
				841ACD1E1A90764F009DA6E9 /* itool */,
				841ACD041A90710B009DA6E9 /* Images.xcassets */,
				841ACD061A90710B009DA6E9 /* LaunchScreen.xib */,
				841ACCF71A90710B009DA6E9 /* Supporting Files */,
			);
			path = BreakFast;
			sourceTree = "<group>";
		};
		841ACCF71A90710B009DA6E9 /* Supporting Files */ = {
			isa = PBXGroup;
			children = (
				841ACCF81A90710B009DA6E9 /* Info.plist */,
				841ACCF91A90710B009DA6E9 /* main.m */,
				841ACD401A907E93009DA6E9 /* pchFile.pch */,
			);
			name = "Supporting Files";
			sourceTree = "<group>";
		};
		841ACD101A90710B009DA6E9 /* BreakFastTests */ = {
			isa = PBXGroup;
			children = (
				841ACD131A90710B009DA6E9 /* BreakFastTests.m */,
				841ACD111A90710B009DA6E9 /* Supporting Files */,
			);
			path = BreakFastTests;
			sourceTree = "<group>";
		};
		841ACD111A90710B009DA6E9 /* Supporting Files */ = {
			isa = PBXGroup;
			children = (
				841ACD121A90710B009DA6E9 /* Info.plist */,
			);
			name = "Supporting Files";
			sourceTree = "<group>";
		};
		841ACD1E1A90764F009DA6E9 /* itool */ = {
			isa = PBXGroup;
			children = (
				8414394C1A9D7F4700B1C5CC /* ZFCalendar */,
				8466EA4E1A9452DF00FA2138 /* Mbhud */,
				841ACD431A908306009DA6E9 /* SDWebImage */,
				841ACD3D1A907BED009DA6E9 /* NavViewController.h */,
				841ACD3E1A907BED009DA6E9 /* NavViewController.m */,
				841ACD7F1A90D495009DA6E9 /* NavCustom.h */,
				841ACD801A90D495009DA6E9 /* NavCustom.m */,
				841ACD311A9078FE009DA6E9 /* DDMenuController.h */,
				841ACD321A9078FE009DA6E9 /* DDMenuController.m */,
				8466EA4B1A94526E00FA2138 /* BFMethods.h */,
				8466EA4C1A94526F00FA2138 /* BFMethods.m */,
			);
			path = itool;
			sourceTree = "<group>";
		};
		841ACD231A907668009DA6E9 /* viewController */ = {
			isa = PBXGroup;
			children = (
				8466EA331A942CD600FA2138 /* shoppingCart */,
				8466EA1F1A93808A00FA2138 /* HomePage */,
				841ACD8E1A931339009DA6E9 /* login */,
				841ACD2B1A9076D4009DA6E9 /* A1_BFLeftViewController.h */,
				841ACD2C1A9076D4009DA6E9 /* A1_BFLeftViewController.m */,
				841ACD721A908E54009DA6E9 /* B1_BFLeftViewCell.h */,
				841ACD731A908E54009DA6E9 /* B1_BFLeftViewCell.m */,
				841ACD741A908E54009DA6E9 /* B1_BFLeftViewCell.xib */,
				841ACD7A1A90965A009DA6E9 /* B1_BFLeftCenterCell.h */,
				841ACD7B1A90965A009DA6E9 /* B1_BFLeftCenterCell.m */,
				841ACD7C1A90965A009DA6E9 /* B1_BFLeftCenterCell.xib */,
				841ACD2E1A9076EA009DA6E9 /* A2_BFRightViewController.h */,
				841ACD2F1A9076EA009DA6E9 /* A2_BFRightViewController.m */,
				841ACD6F1A908643009DA6E9 /* B2_BFRightCell.h */,
				841ACD701A908643009DA6E9 /* B2_BFRightCell.m */,
			);
			name = viewController;
			sourceTree = "<group>";
		};
		841ACD241A907691009DA6E9 /* base */ = {
			isa = PBXGroup;
			children = (
				841ACD251A9076A9009DA6E9 /* BFViewController.h */,
				841ACD261A9076A9009DA6E9 /* BFViewController.m */,
			);
			name = base;
			sourceTree = "<group>";
		};
		841ACD3A1A907B1F009DA6E9 /* model */ = {
			isa = PBXGroup;
			children = (
				841ACD421A908220009DA6E9 /* TYDefine.h */,
			);
			name = model;
			sourceTree = "<group>";
		};
		841ACD431A908306009DA6E9 /* SDWebImage */ = {
			isa = PBXGroup;
			children = (
				841ACD441A908306009DA6E9 /* MKAnnotationView+WebCache.h */,
				841ACD451A908306009DA6E9 /* MKAnnotationView+WebCache.m */,
				841ACD461A908306009DA6E9 /* NSData+GIF.h */,
				841ACD471A908306009DA6E9 /* NSData+GIF.m */,
				841ACD481A908306009DA6E9 /* SDImageCache.h */,
				841ACD491A908306009DA6E9 /* SDImageCache.m */,
				841ACD4A1A908306009DA6E9 /* SDWebImageCompat.h */,
				841ACD4B1A908306009DA6E9 /* SDWebImageCompat.m */,
				841ACD4C1A908306009DA6E9 /* SDWebImageDecoder.h */,
				841ACD4D1A908306009DA6E9 /* SDWebImageDecoder.m */,
				841ACD4E1A908306009DA6E9 /* SDWebImageDownloader.h */,
				841ACD4F1A908306009DA6E9 /* SDWebImageDownloader.m */,
				841ACD501A908306009DA6E9 /* SDWebImageDownloaderOperation.h */,
				841ACD511A908306009DA6E9 /* SDWebImageDownloaderOperation.m */,
				841ACD521A908306009DA6E9 /* SDWebImageManager.h */,
				841ACD531A908306009DA6E9 /* SDWebImageManager.m */,
				841ACD541A908306009DA6E9 /* SDWebImageOperation.h */,
				841ACD551A908306009DA6E9 /* SDWebImagePrefetcher.h */,
				841ACD561A908306009DA6E9 /* SDWebImagePrefetcher.m */,
				841ACD571A908306009DA6E9 /* UIButton+WebCache.h */,
				841ACD581A908306009DA6E9 /* UIButton+WebCache.m */,
				841ACD591A908306009DA6E9 /* UIImage+GIF.h */,
				841ACD5A1A908306009DA6E9 /* UIImage+GIF.m */,
				841ACD5B1A908306009DA6E9 /* UIImage+MultiFormat.h */,
				841ACD5C1A908306009DA6E9 /* UIImage+MultiFormat.m */,
				841ACD5D1A908306009DA6E9 /* UIImage+WebP.h */,
				841ACD5E1A908306009DA6E9 /* UIImage+WebP.m */,
				841ACD5F1A908306009DA6E9 /* UIImageView+WebCache.h */,
				841ACD601A908306009DA6E9 /* UIImageView+WebCache.m */,
			);
			path = SDWebImage;
			sourceTree = "<group>";
		};
		841ACD831A90D5AA009DA6E9 /* image */ = {
			isa = PBXGroup;
			children = (
				84F35D971A94B4CB001A3AF5 /* shaodaishou.png */,
				84F35D981A94B4CB001A3AF5 /* zaodianyue.png */,
				84F843521A94B2720037D0E8 /* groundColor.png */,
				84F843501A94B08B0037D0E8 /* suo.png */,
				84F8434E1A94AA450037D0E8 /* ziliaobeijing.png */,
				84F843421A949DEA0037D0E8 /* readerButton.png */,
				84F843431A949DEA0037D0E8 /* readerImage.png */,
				84F843441A949DEA0037D0E8 /* videoButton.png */,
				84F843451A949DEA0037D0E8 /* videoImage.png */,
				84F843461A949DEA0037D0E8 /* xingquButton.png */,
				84F843471A949DEA0037D0E8 /* xingquImage.png */,
				84F843391A949B470037D0E8 /* imageEga.png */,
				84F8433A1A949B470037D0E8 /* imageShengri.png */,
				84F8433B1A949B470037D0E8 /* imageZhiye.png */,
				8466EA5D1A9465DF00FA2138 /* noselect.png */,
				8466EA5E1A9465DF00FA2138 /* selected.png */,
				8466EA3C1A943FC400FA2138 /* add.png */,
				8466EA3D1A943FC400FA2138 /* min.png */,
				8466EA311A93912400FA2138 /* zhezhao.png */,
				8466EA2B1A938FBE00FA2138 /* dingcanshu.png */,
				8466EA2C1A938FBE00FA2138 /* gouwuche.png */,
				8466EA2D1A938FBE00FA2138 /* message.png */,
				8466EA231A938EDC00FA2138 /* 4.jpg */,
				8466EA241A938EDC00FA2138 /* 5.jpg */,
				8466EA251A938EDC00FA2138 /* 6.jpg */,
				8466EA261A938EDC00FA2138 /* 7.jpg */,
				8466EA1D1A937EC200FA2138 /* close_press@2x.png */,
				8466EA1B1A937E0500FA2138 /* back.png */,
				841ACD841A90D5AA009DA6E9 /* leftMenu.png */,
			);
			path = image;
			sourceTree = "<group>";
		};
		841ACD8E1A931339009DA6E9 /* login */ = {
			isa = PBXGroup;
			children = (
				841ACDAE1A931B44009DA6E9 /* C0_BFLoginViewController.h */,
				841ACDAF1A931B44009DA6E9 /* C0_BFLoginViewController.m */,
				841ACDB11A933384009DA6E9 /* C1_BFForgetPasswordViewController.h */,
				841ACDB21A933384009DA6E9 /* C1_BFForgetPasswordViewController.m */,
			);
			name = login;
			sourceTree = "<group>";
		};
		8466EA1F1A93808A00FA2138 /* HomePage */ = {
			isa = PBXGroup;
			children = (
				841ACD281A9076C4009DA6E9 /* A0_BFCenterViewController.h */,
				841ACD291A9076C4009DA6E9 /* A0_BFCenterViewController.m */,
				841ACD891A90DA19009DA6E9 /* B0_BFCenterCell.h */,
				841ACD8A1A90DA19009DA6E9 /* B0_BFCenterCell.m */,
				841ACD8B1A90DA19009DA6E9 /* B0_BFCenterCell.xib */,
				8466EA201A9380CA00FA2138 /* B1_BFHomePageViewController.h */,
				8466EA211A9380CA00FA2138 /* B1_BFHomePageViewController.m */,
				84F8433F1A949C9E0037D0E8 /* B2_BFHomeView.h */,
				84F843401A949C9E0037D0E8 /* B2_BFHomeView.m */,
				8414396A1A9D800200B1C5CC /* B3_BFTimeSelectorViewController.h */,
				8414396B1A9D800200B1C5CC /* B3_BFTimeSelectorViewController.m */,
			);
			name = HomePage;
			sourceTree = "<group>";
		};
		8466EA331A942CD600FA2138 /* shoppingCart */ = {
			isa = PBXGroup;
			children = (
				8466EA341A942D0000FA2138 /* D1_BFShoppingCartViewController.h */,
				8466EA351A942D0000FA2138 /* D1_BFShoppingCartViewController.m */,
				8466EA371A942D3D00FA2138 /* F1_BFShoppingCell.h */,
				8466EA381A942D3D00FA2138 /* F1_BFShoppingCell.m */,
				8466EA391A942D3D00FA2138 /* F1_BFShoppingCell.xib */,
				8466EA481A94482E00FA2138 /* F2_BFErrorViewController.h */,
				8466EA491A94482E00FA2138 /* F2_BFErrorViewController.m */,
				8466EA521A9463AD00FA2138 /* F3_BFPayViewController.h */,
				8466EA531A9463AD00FA2138 /* F3_BFPayViewController.m */,
				8466EA581A94659C00FA2138 /* F4_BFPayCell.h */,
				8466EA591A94659C00FA2138 /* F4_BFPayCell.m */,
				8466EA5A1A94659C00FA2138 /* F4_BFPayCell.xib */,
				84F843361A946CDC0037D0E8 /* G0_BFOrderSuccessViewController.h */,
				84F843371A946CDC0037D0E8 /* G0_BFOrderSuccessViewController.m */,
			);
			name = shoppingCart;
			sourceTree = "<group>";
		};
		8466EA4E1A9452DF00FA2138 /* Mbhud */ = {
			isa = PBXGroup;
			children = (
				8466EA4F1A9452DF00FA2138 /* CBMBProgressHUD.h */,
				8466EA501A9452DF00FA2138 /* CBMBProgressHUD.m */,
			);
			path = Mbhud;
			sourceTree = "<group>";
		};
/* End PBXGroup section */

/* Begin PBXNativeTarget section */
		841ACCF31A90710B009DA6E9 /* BreakFast */ = {
			isa = PBXNativeTarget;
			buildConfigurationList = 841ACD171A90710B009DA6E9 /* Build configuration list for PBXNativeTarget "BreakFast" */;
			buildPhases = (
				841ACCF01A90710B009DA6E9 /* Sources */,
				841ACCF11A90710B009DA6E9 /* Frameworks */,
				841ACCF21A90710B009DA6E9 /* Resources */,
			);
			buildRules = (
			);
			dependencies = (
			);
			name = BreakFast;
			productName = BreakFast;
			productReference = 841ACCF41A90710B009DA6E9 /* BreakFast.app */;
			productType = "com.apple.product-type.application";
		};
		841ACD0C1A90710B009DA6E9 /* BreakFastTests */ = {
			isa = PBXNativeTarget;
			buildConfigurationList = 841ACD1A1A90710B009DA6E9 /* Build configuration list for PBXNativeTarget "BreakFastTests" */;
			buildPhases = (
				841ACD091A90710B009DA6E9 /* Sources */,
				841ACD0A1A90710B009DA6E9 /* Frameworks */,
				841ACD0B1A90710B009DA6E9 /* Resources */,
			);
			buildRules = (
			);
			dependencies = (
				841ACD0F1A90710B009DA6E9 /* PBXTargetDependency */,
			);
			name = BreakFastTests;
			productName = BreakFastTests;
			productReference = 841ACD0D1A90710B009DA6E9 /* BreakFastTests.xctest */;
			productType = "com.apple.product-type.bundle.unit-test";
		};
/* End PBXNativeTarget section */

/* Begin PBXProject section */
		841ACCEC1A90710B009DA6E9 /* Project object */ = {
			isa = PBXProject;
			attributes = {
				LastUpgradeCheck = 0610;
				ORGANIZATIONNAME = admin;
				TargetAttributes = {
					841ACCF31A90710B009DA6E9 = {
						CreatedOnToolsVersion = 6.1.1;
					};
					841ACD0C1A90710B009DA6E9 = {
						CreatedOnToolsVersion = 6.1.1;
						TestTargetID = 841ACCF31A90710B009DA6E9;
					};
				};
			};
			buildConfigurationList = 841ACCEF1A90710B009DA6E9 /* Build configuration list for PBXProject "BreakFast" */;
			compatibilityVersion = "Xcode 3.2";
			developmentRegion = English;
			hasScannedForEncodings = 0;
			knownRegions = (
				en,
				Base,
			);
			mainGroup = 841ACCEB1A90710B009DA6E9;
			productRefGroup = 841ACCF51A90710B009DA6E9 /* Products */;
			projectDirPath = "";
			projectRoot = "";
			targets = (
				841ACCF31A90710B009DA6E9 /* BreakFast */,
				841ACD0C1A90710B009DA6E9 /* BreakFastTests */,
			);
		};
/* End PBXProject section */

/* Begin PBXResourcesBuildPhase section */
		841ACCF21A90710B009DA6E9 /* Resources */ = {
			isa = PBXResourcesBuildPhase;
			buildActionMask = 2147483647;
			files = (
				8466EA291A938EDC00FA2138 /* 6.jpg in Resources */,
				841ACD761A908E54009DA6E9 /* B1_BFLeftViewCell.xib in Resources */,
				8466EA281A938EDC00FA2138 /* 5.jpg in Resources */,
				84F843511A94B08B0037D0E8 /* suo.png in Resources */,
				8466EA2A1A938EDC00FA2138 /* 7.jpg in Resources */,
				84F8434F1A94AA450037D0E8 /* ziliaobeijing.png in Resources */,
				84F35D9A1A94B4CB001A3AF5 /* zaodianyue.png in Resources */,
				8466EA5C1A94659C00FA2138 /* F4_BFPayCell.xib in Resources */,
				8466EA1E1A937EC200FA2138 /* close_press@2x.png in Resources */,
				84F8433D1A949B470037D0E8 /* imageShengri.png in Resources */,
				8466EA3B1A942D3D00FA2138 /* F1_BFShoppingCell.xib in Resources */,
				8466EA3F1A943FC400FA2138 /* min.png in Resources */,
				84F8434A1A949DEA0037D0E8 /* videoButton.png in Resources */,
				84F8434B1A949DEA0037D0E8 /* videoImage.png in Resources */,
				841ACD851A90D5AB009DA6E9 /* leftMenu.png in Resources */,
				8466EA3E1A943FC400FA2138 /* add.png in Resources */,
				8466EA2F1A938FBE00FA2138 /* gouwuche.png in Resources */,
				8466EA321A93912400FA2138 /* zhezhao.png in Resources */,
				8466EA5F1A9465E000FA2138 /* noselect.png in Resources */,
				84F8433E1A949B470037D0E8 /* imageZhiye.png in Resources */,
				841ACD8D1A90DA19009DA6E9 /* B0_BFCenterCell.xib in Resources */,
				841ACD081A90710B009DA6E9 /* LaunchScreen.xib in Resources */,
				84F8433C1A949B470037D0E8 /* imageEga.png in Resources */,
				8466EA601A9465E000FA2138 /* selected.png in Resources */,
				8466EA1C1A937E0600FA2138 /* back.png in Resources */,
				84F8434D1A949DEA0037D0E8 /* xingquImage.png in Resources */,
				84F843491A949DEA0037D0E8 /* readerImage.png in Resources */,
				8466EA2E1A938FBE00FA2138 /* dingcanshu.png in Resources */,
				8466EA271A938EDC00FA2138 /* 4.jpg in Resources */,
				84F35D991A94B4CB001A3AF5 /* shaodaishou.png in Resources */,
				84F843481A949DEA0037D0E8 /* readerButton.png in Resources */,
				841ACD7E1A90965A009DA6E9 /* B1_BFLeftCenterCell.xib in Resources */,
				841ACD051A90710B009DA6E9 /* Images.xcassets in Resources */,
				8466EA301A938FBE00FA2138 /* message.png in Resources */,
				84F843531A94B2720037D0E8 /* groundColor.png in Resources */,
				84F8434C1A949DEA0037D0E8 /* xingquButton.png in Resources */,
				841439661A9D7F4700B1C5CC /* chack.png in Resources */,
			);
			runOnlyForDeploymentPostprocessing = 0;
		};
		841ACD0B1A90710B009DA6E9 /* Resources */ = {
			isa = PBXResourcesBuildPhase;
			buildActionMask = 2147483647;
			files = (
			);
			runOnlyForDeploymentPostprocessing = 0;
		};
/* End PBXResourcesBuildPhase section */

/* Begin PBXSourcesBuildPhase section */
		841ACCF01A90710B009DA6E9 /* Sources */ = {
			isa = PBXSourcesBuildPhase;
			buildActionMask = 2147483647;
			files = (
				841ACD6E1A908306009DA6E9 /* UIImageView+WebCache.m in Sources */,
				841ACD651A908306009DA6E9 /* SDWebImageDecoder.m in Sources */,
				841ACD681A908306009DA6E9 /* SDWebImageManager.m in Sources */,
				8466EA511A9452DF00FA2138 /* CBMBProgressHUD.m in Sources */,
				841ACD331A9078FE009DA6E9 /* DDMenuController.m in Sources */,
				841ACD751A908E54009DA6E9 /* B1_BFLeftViewCell.m in Sources */,
				841ACD641A908306009DA6E9 /* SDWebImageCompat.m in Sources */,
				841ACD6D1A908306009DA6E9 /* UIImage+WebP.m in Sources */,
				8466EA4D1A94526F00FA2138 /* BFMethods.m in Sources */,
				8466EA361A942D0000FA2138 /* D1_BFShoppingCartViewController.m in Sources */,
				841ACD271A9076A9009DA6E9 /* BFViewController.m in Sources */,
				841439601A9D7F4700B1C5CC /* CalendarDayModel.m in Sources */,
				841ACD3F1A907BED009DA6E9 /* NavViewController.m in Sources */,
				841ACD7D1A90965A009DA6E9 /* B1_BFLeftCenterCell.m in Sources */,
				841ACD2D1A9076D4009DA6E9 /* A1_BFLeftViewController.m in Sources */,
				841ACDB31A933384009DA6E9 /* C1_BFForgetPasswordViewController.m in Sources */,
				841ACD6A1A908306009DA6E9 /* UIButton+WebCache.m in Sources */,
				841439611A9D7F4700B1C5CC /* CalendarHomeViewController.m in Sources */,
				84F843381A946CDC0037D0E8 /* G0_BFOrderSuccessViewController.m in Sources */,
				841ACD691A908306009DA6E9 /* SDWebImagePrefetcher.m in Sources */,
				841ACD671A908306009DA6E9 /* SDWebImageDownloaderOperation.m in Sources */,
				841439671A9D7F4700B1C5CC /* NSDate+WQCalendarLogic.m in Sources */,
				841ACD2A1A9076C4009DA6E9 /* A0_BFCenterViewController.m in Sources */,
				841ACD621A908306009DA6E9 /* NSData+GIF.m in Sources */,
				841439631A9D7F4700B1C5CC /* CalendarMonthCollectionViewLayout.m in Sources */,
				841ACD6C1A908306009DA6E9 /* UIImage+MultiFormat.m in Sources */,
				84F843411A949C9E0037D0E8 /* B2_BFHomeView.m in Sources */,
				841ACCFD1A90710B009DA6E9 /* AppDelegate.m in Sources */,
				8466EA3A1A942D3D00FA2138 /* F1_BFShoppingCell.m in Sources */,
				841ACD811A90D495009DA6E9 /* NavCustom.m in Sources */,
				841ACD631A908306009DA6E9 /* SDImageCache.m in Sources */,
				8466EA4A1A94482E00FA2138 /* F2_BFErrorViewController.m in Sources */,
				841ACD711A908643009DA6E9 /* B2_BFRightCell.m in Sources */,
				841ACDB01A931B44009DA6E9 /* C0_BFLoginViewController.m in Sources */,
				841ACD301A9076EA009DA6E9 /* A2_BFRightViewController.m in Sources */,
				841ACCFA1A90710B009DA6E9 /* main.m in Sources */,
				841ACD6B1A908306009DA6E9 /* UIImage+GIF.m in Sources */,
				8414396C1A9D800200B1C5CC /* B3_BFTimeSelectorViewController.m in Sources */,
				841439621A9D7F4700B1C5CC /* CalendarLogic.m in Sources */,
				841ACD661A908306009DA6E9 /* SDWebImageDownloader.m in Sources */,
				8466EA5B1A94659C00FA2138 /* F4_BFPayCell.m in Sources */,
				8466EA541A9463AE00FA2138 /* F3_BFPayViewController.m in Sources */,
				8414395F1A9D7F4700B1C5CC /* CalendarDayCell.m in Sources */,
				8466EA221A9380CA00FA2138 /* B1_BFHomePageViewController.m in Sources */,
				841439651A9D7F4700B1C5CC /* CalendarViewController.m in Sources */,
				841ACD8C1A90DA19009DA6E9 /* B0_BFCenterCell.m in Sources */,
				841439641A9D7F4700B1C5CC /* CalendarMonthHeaderView.m in Sources */,
				841ACD611A908306009DA6E9 /* MKAnnotationView+WebCache.m in Sources */,
			);
			runOnlyForDeploymentPostprocessing = 0;
		};
		841ACD091A90710B009DA6E9 /* Sources */ = {
			isa = PBXSourcesBuildPhase;
			buildActionMask = 2147483647;
			files = (
				841ACD141A90710B009DA6E9 /* BreakFastTests.m in Sources */,
			);
			runOnlyForDeploymentPostprocessing = 0;
		};
/* End PBXSourcesBuildPhase section */

/* Begin PBXTargetDependency section */
		841ACD0F1A90710B009DA6E9 /* PBXTargetDependency */ = {
			isa = PBXTargetDependency;
			target = 841ACCF31A90710B009DA6E9 /* BreakFast */;
			targetProxy = 841ACD0E1A90710B009DA6E9 /* PBXContainerItemProxy */;
		};
/* End PBXTargetDependency section */

/* Begin PBXVariantGroup section */
		841ACD061A90710B009DA6E9 /* LaunchScreen.xib */ = {
			isa = PBXVariantGroup;
			children = (
				841ACD071A90710B009DA6E9 /* Base */,
			);
			name = LaunchScreen.xib;
			sourceTree = "<group>";
		};
/* End PBXVariantGroup section */

/* Begin XCBuildConfiguration section */
		841ACD151A90710B009DA6E9 /* Debug */ = {
			isa = XCBuildConfiguration;
			buildSettings = {
				ALWAYS_SEARCH_USER_PATHS = NO;
				CLANG_CXX_LANGUAGE_STANDARD = "gnu++0x";
				CLANG_CXX_LIBRARY = "libc++";
				CLANG_ENABLE_MODULES = YES;
				CLANG_ENABLE_OBJC_ARC = YES;
				CLANG_WARN_BOOL_CONVERSION = YES;
				CLANG_WARN_CONSTANT_CONVERSION = YES;
				CLANG_WARN_DIRECT_OBJC_ISA_USAGE = YES_ERROR;
				CLANG_WARN_EMPTY_BODY = YES;
				CLANG_WARN_ENUM_CONVERSION = YES;
				CLANG_WARN_INT_CONVERSION = YES;
				CLANG_WARN_OBJC_ROOT_CLASS = YES_ERROR;
				CLANG_WARN_UNREACHABLE_CODE = YES;
				CLANG_WARN__DUPLICATE_METHOD_MATCH = YES;
				CODE_SIGN_IDENTITY = "iPhone Developer: jiang zhengfeng (E8738LHV23)";
				"CODE_SIGN_IDENTITY[sdk=iphoneos*]" = "iPhone Developer";
				COPY_PHASE_STRIP = NO;
				ENABLE_STRICT_OBJC_MSGSEND = YES;
				GCC_C_LANGUAGE_STANDARD = gnu99;
				GCC_DYNAMIC_NO_PIC = NO;
				GCC_OPTIMIZATION_LEVEL = 0;
				GCC_PRECOMPILE_PREFIX_HEADER = YES;
				GCC_PREFIX_HEADER = "$(SRCROOT)/BreakFast/pchFile.pch";
				GCC_PREPROCESSOR_DEFINITIONS = (
					"DEBUG=1",
					"$(inherited)",
				);
				GCC_SYMBOLS_PRIVATE_EXTERN = NO;
				GCC_WARN_64_TO_32_BIT_CONVERSION = YES;
				GCC_WARN_ABOUT_RETURN_TYPE = YES_ERROR;
				GCC_WARN_UNDECLARED_SELECTOR = YES;
				GCC_WARN_UNINITIALIZED_AUTOS = YES_AGGRESSIVE;
				GCC_WARN_UNUSED_FUNCTION = YES;
				GCC_WARN_UNUSED_VARIABLE = YES;
				IPHONEOS_DEPLOYMENT_TARGET = 7.0;
				MTL_ENABLE_DEBUG_INFO = YES;
				ONLY_ACTIVE_ARCH = YES;
				PROVISIONING_PROFILE = "b9f2ec7b-8795-485c-b404-58f6784e6951";
				SDKROOT = iphoneos;
				TARGETED_DEVICE_FAMILY = 1;
			};
			name = Debug;
		};
		841ACD161A90710B009DA6E9 /* Release */ = {
			isa = XCBuildConfiguration;
			buildSettings = {
				ALWAYS_SEARCH_USER_PATHS = NO;
				CLANG_CXX_LANGUAGE_STANDARD = "gnu++0x";
				CLANG_CXX_LIBRARY = "libc++";
				CLANG_ENABLE_MODULES = YES;
				CLANG_ENABLE_OBJC_ARC = YES;
				CLANG_WARN_BOOL_CONVERSION = YES;
				CLANG_WARN_CONSTANT_CONVERSION = YES;
				CLANG_WARN_DIRECT_OBJC_ISA_USAGE = YES_ERROR;
				CLANG_WARN_EMPTY_BODY = YES;
				CLANG_WARN_ENUM_CONVERSION = YES;
				CLANG_WARN_INT_CONVERSION = YES;
				CLANG_WARN_OBJC_ROOT_CLASS = YES_ERROR;
				CLANG_WARN_UNREACHABLE_CODE = YES;
				CLANG_WARN__DUPLICATE_METHOD_MATCH = YES;
				CODE_SIGN_IDENTITY = "iPhone Developer: jiang zhengfeng (E8738LHV23)";
				"CODE_SIGN_IDENTITY[sdk=iphoneos*]" = "iPhone Developer";
				COPY_PHASE_STRIP = YES;
				ENABLE_NS_ASSERTIONS = NO;
				ENABLE_STRICT_OBJC_MSGSEND = YES;
				GCC_C_LANGUAGE_STANDARD = gnu99;
				GCC_PRECOMPILE_PREFIX_HEADER = YES;
				GCC_PREFIX_HEADER = "$(SRCROOT)/BreakFast/pchFile.pch";
				GCC_WARN_64_TO_32_BIT_CONVERSION = YES;
				GCC_WARN_ABOUT_RETURN_TYPE = YES_ERROR;
				GCC_WARN_UNDECLARED_SELECTOR = YES;
				GCC_WARN_UNINITIALIZED_AUTOS = YES_AGGRESSIVE;
				GCC_WARN_UNUSED_FUNCTION = YES;
				GCC_WARN_UNUSED_VARIABLE = YES;
				IPHONEOS_DEPLOYMENT_TARGET = 7.0;
				MTL_ENABLE_DEBUG_INFO = NO;
				ONLY_ACTIVE_ARCH = YES;
				PROVISIONING_PROFILE = "b9f2ec7b-8795-485c-b404-58f6784e6951";
				SDKROOT = iphoneos;
				TARGETED_DEVICE_FAMILY = 1;
				VALIDATE_PRODUCT = YES;
			};
			name = Release;
		};
		841ACD181A90710B009DA6E9 /* Debug */ = {
			isa = XCBuildConfiguration;
			buildSettings = {
				ASSETCATALOG_COMPILER_APPICON_NAME = AppIcon;
				CODE_SIGN_IDENTITY = "iPhone Developer: jiang zhengfeng (E8738LHV23)";
				GCC_PRECOMPILE_PREFIX_HEADER = YES;
				GCC_PREFIX_HEADER = "$(SRCROOT)/BreakFast/pchFile.pch";
				INFOPLIST_FILE = BreakFast/Info.plist;
				LD_RUNPATH_SEARCH_PATHS = "$(inherited) @executable_path/Frameworks";
				LIBRARY_SEARCH_PATHS = "$(inherited)";
				PRODUCT_NAME = "$(TARGET_NAME)";
				PROVISIONING_PROFILE = "b9f2ec7b-8795-485c-b404-58f6784e6951";
				TARGETED_DEVICE_FAMILY = 1;
			};
			name = Debug;
		};
		841ACD191A90710B009DA6E9 /* Release */ = {
			isa = XCBuildConfiguration;
			buildSettings = {
				ASSETCATALOG_COMPILER_APPICON_NAME = AppIcon;
				CODE_SIGN_IDENTITY = "iPhone Developer: jiang zhengfeng (E8738LHV23)";
				GCC_PRECOMPILE_PREFIX_HEADER = YES;
				GCC_PREFIX_HEADER = "$(SRCROOT)/BreakFast/pchFile.pch";
				INFOPLIST_FILE = BreakFast/Info.plist;
				LD_RUNPATH_SEARCH_PATHS = "$(inherited) @executable_path/Frameworks";
				LIBRARY_SEARCH_PATHS = "$(inherited)";
				PRODUCT_NAME = "$(TARGET_NAME)";
				PROVISIONING_PROFILE = "b9f2ec7b-8795-485c-b404-58f6784e6951";
				TARGETED_DEVICE_FAMILY = 1;
			};
			name = Release;
		};
		841ACD1B1A90710B009DA6E9 /* Debug */ = {
			isa = XCBuildConfiguration;
			buildSettings = {
				BUNDLE_LOADER = "$(TEST_HOST)";
				FRAMEWORK_SEARCH_PATHS = (
					"$(SDKROOT)/Developer/Library/Frameworks",
					"$(inherited)",
				);
				GCC_PREPROCESSOR_DEFINITIONS = (
					"DEBUG=1",
					"$(inherited)",
				);
				INFOPLIST_FILE = BreakFastTests/Info.plist;
				LD_RUNPATH_SEARCH_PATHS = "$(inherited) @executable_path/Frameworks @loader_path/Frameworks";
				PRODUCT_NAME = "$(TARGET_NAME)";
				TEST_HOST = "$(BUILT_PRODUCTS_DIR)/BreakFast.app/BreakFast";
			};
			name = Debug;
		};
		841ACD1C1A90710B009DA6E9 /* Release */ = {
			isa = XCBuildConfiguration;
			buildSettings = {
				BUNDLE_LOADER = "$(TEST_HOST)";
				FRAMEWORK_SEARCH_PATHS = (
					"$(SDKROOT)/Developer/Library/Frameworks",
					"$(inherited)",
				);
				INFOPLIST_FILE = BreakFastTests/Info.plist;
				LD_RUNPATH_SEARCH_PATHS = "$(inherited) @executable_path/Frameworks @loader_path/Frameworks";
				PRODUCT_NAME = "$(TARGET_NAME)";
				TEST_HOST = "$(BUILT_PRODUCTS_DIR)/BreakFast.app/BreakFast";
			};
			name = Release;
		};
/* End XCBuildConfiguration section */

/* Begin XCConfigurationList section */
		841ACCEF1A90710B009DA6E9 /* Build configuration list for PBXProject "BreakFast" */ = {
			isa = XCConfigurationList;
			buildConfigurations = (
				841ACD151A90710B009DA6E9 /* Debug */,
				841ACD161A90710B009DA6E9 /* Release */,
			);
			defaultConfigurationIsVisible = 0;
			defaultConfigurationName = Release;
		};
		841ACD171A90710B009DA6E9 /* Build configuration list for PBXNativeTarget "BreakFast" */ = {
			isa = XCConfigurationList;
			buildConfigurations = (
				841ACD181A90710B009DA6E9 /* Debug */,
				841ACD191A90710B009DA6E9 /* Release */,
			);
			defaultConfigurationIsVisible = 0;
			defaultConfigurationName = Release;
		};
		841ACD1A1A90710B009DA6E9 /* Build configuration list for PBXNativeTarget "BreakFastTests" */ = {
			isa = XCConfigurationList;
			buildConfigurations = (
				841ACD1B1A90710B009DA6E9 /* Debug */,
				841ACD1C1A90710B009DA6E9 /* Release */,
			);
			defaultConfigurationIsVisible = 0;
			defaultConfigurationName = Release;
		};
/* End XCConfigurationList section */
	};
	rootObject = 841ACCEC1A90710B009DA6E9 /* Project object */;
}
